<Solution>
  <Project Path="RestaurantMenu.Application/RestaurantMenu.Application.csproj" />
  <Project Path="RestaurantMenu.Domain/RestaurantMenu.Domain.csproj" />
  <Project Path="RestaurantMenu.Infrastructure/RestaurantMenu.Infrastructure.csproj" />
  <Project Path="RestaurantMenu.WebApi/RestaurantMenu.WebApi.csproj" />
</Solution>
